{
	"name": "@hebertlima/vue-laradate",
	"version": "1.2.0",
	"lockfileVersion": 3,
	"requires": true,
	"packages": {
		"": {
			"name": "@hebertlima/vue-laradate",
			"version": "1.2.0",
			"license": "MIT",
			"peerDependencies": {
				"@vuelidate/core": "^2.0.0",
				"@vuelidate/validators": "^2.0.0",
				"vue": "^3.0.0",
				"vue-i18n": "^9.0.0"
			}
		},
		"node_modules/@babel/helper-string-parser": {
			"version": "7.27.1",
			"license": "MIT",
			"peer": true,
			"engines": {
				"node": ">=6.9.0"
			}
		},
		"node_modules/@babel/helper-validator-identifier": {
			"version": "7.27.1",
			"license": "MIT",
			"peer": true,
			"engines": {
				"node": ">=6.9.0"
			}
		},
		"node_modules/@babel/parser": {
			"version": "7.28.0",
			"license": "MIT",
			"peer": true,
			"dependencies": {
				"@babel/types": "^7.28.0"
			},
			"bin": {
				"parser": "bin/babel-parser.js"
			},
			"engines": {
				"node": ">=6.0.0"
			}
		},
		"node_modules/@babel/types": {
			"version": "7.28.1",
			"license": "MIT",
			"peer": true,
			"dependencies": {
				"@babel/helper-string-parser": "^7.27.1",
				"@babel/helper-validator-identifier": "^7.27.1"
			},
			"engines": {
				"node": ">=6.9.0"
			}
		},
		"node_modules/@intlify/core-base": {
			"version": "9.14.5",
			"license": "MIT",
			"peer": true,
			"dependencies": {
				"@intlify/message-compiler": "9.14.5",
				"@intlify/shared": "9.14.5"
			},
			"engines": {
				"node": ">= 16"
			},
			"funding": {
				"url": "https://github.com/sponsors/kazupon"
			}
		},
		"node_modules/@intlify/message-compiler": {
			"version": "9.14.5",
			"license": "MIT",
			"peer": true,
			"dependencies": {
				"@intlify/shared": "9.14.5",
				"source-map-js": "^1.0.2"
			},
			"engines": {
				"node": ">= 16"
			},
			"funding": {
				"url": "https://github.com/sponsors/kazupon"
			}
		},
		"node_modules/@intlify/shared": {
			"version": "9.14.5",
			"license": "MIT",
			"peer": true,
			"engines": {
				"node": ">= 16"
			},
			"funding": {
				"url": "https://github.com/sponsors/kazupon"
			}
		},
		"node_modules/@jridgewell/sourcemap-codec": {
			"version": "1.5.4",
			"license": "MIT",
			"peer": true
		},
		"node_modules/@vue/compiler-core": {
			"version": "3.5.17",
			"license": "MIT",
			"peer": true,
			"dependencies": {
				"@babel/parser": "^7.27.5",
				"@vue/shared": "3.5.17",
				"entities": "^4.5.0",
				"estree-walker": "^2.0.2",
				"source-map-js": "^1.2.1"
			}
		},
		"node_modules/@vue/compiler-dom": {
			"version": "3.5.17",
			"license": "MIT",
			"peer": true,
			"dependencies": {
				"@vue/compiler-core": "3.5.17",
				"@vue/shared": "3.5.17"
			}
		},
		"node_modules/@vue/compiler-sfc": {
			"version": "3.5.17",
			"license": "MIT",
			"peer": true,
			"dependencies": {
				"@babel/parser": "^7.27.5",
				"@vue/compiler-core": "3.5.17",
				"@vue/compiler-dom": "3.5.17",
				"@vue/compiler-ssr": "3.5.17",
				"@vue/shared": "3.5.17",
				"estree-walker": "^2.0.2",
				"magic-string": "^0.30.17",
				"postcss": "^8.5.6",
				"source-map-js": "^1.2.1"
			}
		},
		"node_modules/@vue/compiler-ssr": {
			"version": "3.5.17",
			"license": "MIT",
			"peer": true,
			"dependencies": {
				"@vue/compiler-dom": "3.5.17",
				"@vue/shared": "3.5.17"
			}
		},
		"node_modules/@vue/devtools-api": {
			"version": "6.6.4",
			"license": "MIT",
			"peer": true
		},
		"node_modules/@vue/reactivity": {
			"version": "3.5.17",
			"license": "MIT",
			"peer": true,
			"dependencies": {
				"@vue/shared": "3.5.17"
			}
		},
		"node_modules/@vue/runtime-core": {
			"version": "3.5.17",
			"license": "MIT",
			"peer": true,
			"dependencies": {
				"@vue/reactivity": "3.5.17",
				"@vue/shared": "3.5.17"
			}
		},
		"node_modules/@vue/runtime-dom": {
			"version": "3.5.17",
			"license": "MIT",
			"peer": true,
			"dependencies": {
				"@vue/reactivity": "3.5.17",
				"@vue/runtime-core": "3.5.17",
				"@vue/shared": "3.5.17",
				"csstype": "^3.1.3"
			}
		},
		"node_modules/@vue/server-renderer": {
			"version": "3.5.17",
			"license": "MIT",
			"peer": true,
			"dependencies": {
				"@vue/compiler-ssr": "3.5.17",
				"@vue/shared": "3.5.17"
			},
			"peerDependencies": {
				"vue": "3.5.17"
			}
		},
		"node_modules/@vue/shared": {
			"version": "3.5.17",
			"license": "MIT",
			"peer": true
		},
		"node_modules/@vuelidate/core": {
			"version": "2.0.3",
			"resolved": "https://registry.npmjs.org/@vuelidate/core/-/core-2.0.3.tgz",
			"integrity": "sha512-AN6l7KF7+mEfyWG0doT96z+47ljwPpZfi9/JrNMkOGLFv27XVZvKzRLXlmDPQjPl/wOB1GNnHuc54jlCLRNqGA==",
			"license": "MIT",
			"peer": true,
			"dependencies": {
				"vue-demi": "^0.13.11"
			},
			"peerDependencies": {
				"@vue/composition-api": "^1.0.0-rc.1",
				"vue": "^2.0.0 || >=3.0.0"
			},
			"peerDependenciesMeta": {
				"@vue/composition-api": {
					"optional": true
				}
			}
		},
		"node_modules/@vuelidate/core/node_modules/vue-demi": {
			"version": "0.13.11",
			"resolved": "https://registry.npmjs.org/vue-demi/-/vue-demi-0.13.11.tgz",
			"integrity": "sha512-IR8HoEEGM65YY3ZJYAjMlKygDQn25D5ajNFNoKh9RSDMQtlzCxtfQjdQgv9jjK+m3377SsJXY8ysq8kLCZL25A==",
			"hasInstallScript": true,
			"license": "MIT",
			"peer": true,
			"bin": {
				"vue-demi-fix": "bin/vue-demi-fix.js",
				"vue-demi-switch": "bin/vue-demi-switch.js"
			},
			"engines": {
				"node": ">=12"
			},
			"funding": {
				"url": "https://github.com/sponsors/antfu"
			},
			"peerDependencies": {
				"@vue/composition-api": "^1.0.0-rc.1",
				"vue": "^3.0.0-0 || ^2.6.0"
			},
			"peerDependenciesMeta": {
				"@vue/composition-api": {
					"optional": true
				}
			}
		},
		"node_modules/@vuelidate/validators": {
			"version": "2.0.4",
			"license": "MIT",
			"peer": true,
			"dependencies": {
				"vue-demi": "^0.13.11"
			},
			"peerDependencies": {
				"@vue/composition-api": "^1.0.0-rc.1",
				"vue": "^2.0.0 || >=3.0.0"
			},
			"peerDependenciesMeta": {
				"@vue/composition-api": {
					"optional": true
				}
			}
		},
		"node_modules/@vuelidate/validators/node_modules/vue-demi": {
			"version": "0.13.11",
			"hasInstallScript": true,
			"license": "MIT",
			"peer": true,
			"bin": {
				"vue-demi-fix": "bin/vue-demi-fix.js",
				"vue-demi-switch": "bin/vue-demi-switch.js"
			},
			"engines": {
				"node": ">=12"
			},
			"funding": {
				"url": "https://github.com/sponsors/antfu"
			},
			"peerDependencies": {
				"@vue/composition-api": "^1.0.0-rc.1",
				"vue": "^3.0.0-0 || ^2.6.0"
			},
			"peerDependenciesMeta": {
				"@vue/composition-api": {
					"optional": true
				}
			}
		},
		"node_modules/csstype": {
			"version": "3.1.3",
			"license": "MIT",
			"peer": true
		},
		"node_modules/entities": {
			"version": "4.5.0",
			"license": "BSD-2-Clause",
			"peer": true,
			"engines": {
				"node": ">=0.12"
			},
			"funding": {
				"url": "https://github.com/fb55/entities?sponsor=1"
			}
		},
		"node_modules/estree-walker": {
			"version": "2.0.2",
			"license": "MIT",
			"peer": true
		},
		"node_modules/magic-string": {
			"version": "0.30.17",
			"license": "MIT",
			"peer": true,
			"dependencies": {
				"@jridgewell/sourcemap-codec": "^1.5.0"
			}
		},
		"node_modules/nanoid": {
			"version": "3.3.11",
			"funding": [
				{
					"type": "github",
					"url": "https://github.com/sponsors/ai"
				}
			],
			"license": "MIT",
			"peer": true,
			"bin": {
				"nanoid": "bin/nanoid.cjs"
			},
			"engines": {
				"node": "^10 || ^12 || ^13.7 || ^14 || >=15.0.1"
			}
		},
		"node_modules/picocolors": {
			"version": "1.1.1",
			"license": "ISC",
			"peer": true
		},
		"node_modules/postcss": {
			"version": "8.5.6",
			"funding": [
				{
					"type": "opencollective",
					"url": "https://opencollective.com/postcss/"
				},
				{
					"type": "tidelift",
					"url": "https://tidelift.com/funding/github/npm/postcss"
				},
				{
					"type": "github",
					"url": "https://github.com/sponsors/ai"
				}
			],
			"license": "MIT",
			"peer": true,
			"dependencies": {
				"nanoid": "^3.3.11",
				"picocolors": "^1.1.1",
				"source-map-js": "^1.2.1"
			},
			"engines": {
				"node": "^10 || ^12 || >=14"
			}
		},
		"node_modules/source-map-js": {
			"version": "1.2.1",
			"license": "BSD-3-Clause",
			"peer": true,
			"engines": {
				"node": ">=0.10.0"
			}
		},
		"node_modules/vue": {
			"version": "3.5.17",
			"license": "MIT",
			"peer": true,
			"dependencies": {
				"@vue/compiler-dom": "3.5.17",
				"@vue/compiler-sfc": "3.5.17",
				"@vue/runtime-dom": "3.5.17",
				"@vue/server-renderer": "3.5.17",
				"@vue/shared": "3.5.17"
			},
			"peerDependencies": {
				"typescript": "*"
			},
			"peerDependenciesMeta": {
				"typescript": {
					"optional": true
				}
			}
		},
		"node_modules/vue-i18n": {
			"version": "9.14.5",
			"license": "MIT",
			"peer": true,
			"dependencies": {
				"@intlify/core-base": "9.14.5",
				"@intlify/shared": "9.14.5",
				"@vue/devtools-api": "^6.5.0"
			},
			"engines": {
				"node": ">= 16"
			},
			"funding": {
				"url": "https://github.com/sponsors/kazupon"
			},
			"peerDependencies": {
				"vue": "^3.0.0"
			}
		}
	}
}
